aiofiles==25.1.0 \
    --hash=sha256:abe311e527c862958650f9438e859c1fa7568a141b22abcd015e120e86a85695
aiohappyeyeballs==2.6.1 \
    --hash=sha256:f349ba8f4b75cb25c99c5c2d84e997e485204d2902a9597802b0371f09331fb8
aiohttp==3.14.1 \
    --hash=sha256:3e6fc1a85fa7194a1a7d19f44e8609180f4a8eb5fa4c7ed8b4355f080fad235c
aiosignal==1.4.0 \
    --hash=sha256:053243f8b92b990551949e63930a839ff0cf0b0ebbe0597b0f3fb19e1a0fe82e
altair==6.0.0 \
    --hash=sha256:09ae95b53d5fe5b16987dccc785a7af8588f2dca50de1e7a156efa8a461515f8
annotated-types==0.7.0 \
    --hash=sha256:1f02e8b43a8fbbc3f3e0d4f0f4bfc8131bcb4eebe8849b8e5c773f3a1c582a53
anthropic==0.76.0 \
    --hash=sha256:81efa3113901192af2f0fe977d3ec73fdadb1e691586306c4256cd6d5ccc331c
anyio==4.12.1 \
    --hash=sha256:d405828884fc140aa80a3c667b8beed277f1dfedec42ba031bd6ac3db606ab6c
attrs==25.4.0 \
    --hash=sha256:adcf7e2a1fb3b36ac48d97835bb6d8ade15b8dcce26aba8bf1d14847b57a3373
Authlib==1.6.12 \
    --hash=sha256:e9229ad7fde610b139dd12f5edbe97eab9ee78bfb85691247e767727850b99ab
backoff==2.2.1 \
    --hash=sha256:63579f9a0628e06278f7e47b7d7d5b6ce20dc65c5e96a6f3ca99a6adca0396e8
beautifulsoup4==4.14.3 \
    --hash=sha256:0918bfe44902e6ad8d57732ba310582e98da931428d231a5ecb9e7c703a735bb
blinker==1.9.0 \
    --hash=sha256:ba0efaa9080b619ff2f3459d1d500c57bddea4a6b424b60a91141db6fd2f08bc
browser-use-sdk==2.0.15 \
    --hash=sha256:5d8ba3836070c67a9774baac556b233e22f266823d3dee34295d98869bec7752
bubus==1.5.6 \
    --hash=sha256:254ae37cd9299941f5e9d6afb11f8e3ce069f83e5b9476f88c6b2e32912f237d
cachetools==5.5.2 \
    --hash=sha256:d26a22bcc62eb95c3beabd9f1ee5e820d3d2704fe2967cbe350e20c8ffcd3f0a
cdp-use==1.4.5 \
    --hash=sha256:8f8e2435e3a20e4009d2974144192cf3c132f6c2971338e156198814d9b91ecb
cuda-bindings==12.9.4 \
    --hash=sha256:fda147a344e8eaeca0c6ff113d2851ffca8f7dfc0a6c932374ee5c47caa649c8
cuda-pathfinder==1.5.6 \
    --hash=sha256:7e4c07c117b78ba1fb35dac4c444d21f3677b1b1ff56175c53a8e3025c5b43c0
certifi==2026.1.4 \
    --hash=sha256:9943707519e4add1115f44c2bc244f782c0249876bf51b6599fee1ffbedd685c
cffi==2.0.0 \
    --hash=sha256:3e17ed538242334bf70832644a32a7aae3d83b57567f9fd60a26257e992b79ba
charset-normalizer==3.4.4 \
    --hash=sha256:11d694519d7f29d6cd09f6ac70028dba10f92f6cdd059096db198c283794ac86
click==8.3.1 \
    --hash=sha256:981153a64e25f12d547d3426c367a4857371575ee7ad18df2a6183ab0545b2a6
cloudpickle==3.1.2 \
    --hash=sha256:9acb47f6afd73f60dc1df93bb801b472f05ff42fa6c84167d25cb206be1fbf4a
colorama==0.4.6 \
    --hash=sha256:4f1d9991f5acc0ca119f9d443620b77f9d6b33703e51011c16baf57afb285fc6
coverage==7.13.4 \
    --hash=sha256:2c048ea43875fbf8b45d476ad79f179809c590ec7b79e2035c662e7afa3192e3
cryptography==46.0.3 \
    --hash=sha256:10b01676fc208c3e6feeb25a8b83d81767e8059e1fe86e1dc62d10a3018fa926
distro==1.9.0 \
    --hash=sha256:7bffd925d65168f85027d8da9af6bddab658135b840670a223589bc0c8ef02b2
docstring_parser==0.17.0 \
    --hash=sha256:cf2569abd23dce8099b300f9b4fa8191e9582dda731fd533daf54c4551658708
execnet==2.1.2 \
    --hash=sha256:67fba928dd5a544b783f6056f449e5e3931a5c378b128bc18501f7ea79e296ec
fastuuid==0.14.0 \
    --hash=sha256:808527f2407f58a76c916d6aa15d58692a4a019fdf8d4c32ac7ff303b7d7af09
filelock==3.20.3 \
    --hash=sha256:4b0dda527ee31078689fc205ec4f1c1bf7d56cf88b6dc9426c4f230e46c2dce1
frozenlist==1.8.0 \
    --hash=sha256:494a5952b1c597ba44e0e78113a7266e656b9794eec897b19ead706bd7074383
fsspec==2026.1.0 \
    --hash=sha256:cb76aa913c2285a3b49bdd5fc55b1d7c708d7208126b60f2eb8194fe1b4cbdcc
gitdb==4.0.12 \
    --hash=sha256:67073e15955400952c6565cc3e707c554a4eea2e428946f7a4c162fab9bd9bcf
GitPython==3.1.46 \
    --hash=sha256:79812ed143d9d25b6d176a10bb511de0f9c67b1fa641d82097b0ab90398a2058
google-api-core==2.29.0 \
    --hash=sha256:d30bc60980daa36e314b5d5a3e5958b0200cb44ca8fa1be2b614e932b75a3ea9
google-api-python-client==2.188.0 \
    --hash=sha256:3cad1b68f9d48b82b93d77927e8370a6f43f33d97848242601f14a93a1c70ef5
google-auth==2.48.0 \
    --hash=sha256:2e2a537873d449434252a9632c28bfc268b0adb1e53f9fb62afc5333a975903f
google-auth-httplib2==0.3.0 \
    --hash=sha256:426167e5df066e3f5a0fc7ea18768c08e7296046594ce4c8c409c2457dd1f776
google-auth-oauthlib==1.2.4 \
    --hash=sha256:0e922eea5f2baacaf8867febb782e46e7b153236c21592ed76ab3ddb77ffd772
google-genai==1.65.0 \
    --hash=sha256:68c025205856919bc03edb0155c11b4b833810b7ce17ad4b7a9eeba5158f6c44
googleapis-common-protos==1.72.0 \
    --hash=sha256:4299c5a82d5ae1a9702ada957347726b167f9f8d1fc352477702a1e851ff4038
groq==1.0.0 \
    --hash=sha256:6e22bf92ffad988f01d2d4df7729add66b8fd5dbfb2154b5bbf3af245b72c731
h11==0.16.0 \
    --hash=sha256:63cf8bbe7522de3bf65932fda1d9c2772064ffb3dae62d55932da54b31cb6c86
hf-xet==1.4.3 \
    --hash=sha256:fc360b70c815bf340ed56c7b8c63aacf11762a4b099b2fe2c9bd6d6068668c08
httpcore==1.0.9 \
    --hash=sha256:2d400746a40668fc9dec9810239072b40b4484b640a8c38fd654a024c7a1bf55
httplib2==0.31.1 \
    --hash=sha256:d520d22fa7e50c746a7ed856bac298c4300105d01bc2d8c2580a9b57fb9ed617
httpx==0.28.1 \
    --hash=sha256:d909fcccc110f8c7faf814ca82a9a4d816bc5a6dbfea25d6591d6985b8ba59ad
httpx-sse==0.4.3 \
    --hash=sha256:0ac1c9fe3c0afad2e0ebb25a934a59f4c7823b60792691f779fad2c5568830fc
huggingface_hub==1.9.0 \
    --hash=sha256:2999328c058d39fd19ab748dd09bd4da2fbaa4f4c1ddea823eab103051e14a1f
idna==3.11 \
    --hash=sha256:771a87f49d9defaf64091e6e6fe9c18d4833f140bd19464795bc32d966ca37ea
importlib_metadata==9.0.0 \
    --hash=sha256:2d21d1cc5a017bd0559e36150c21c830ab1dc304dedd1b7ea85d20f45ef3edd7
iniconfig==2.3.0 \
    --hash=sha256:f631c04d2c48c52b84d0d0549c99ff3859c98df65b3101406327ecc7d53fbf12
inquirerpy==0.3.4 \
    --hash=sha256:c65fdfbac1fa00e3ee4fb10679f4d3ed7a012abf4833910e63c295827fe2a7d4
Jinja2==3.1.6 \
    --hash=sha256:85ece4451f492d0c13c5dd7c13a64681a86afae63a5f347908daf103ce6d2f67
jiter==0.12.0 \
    --hash=sha256:4321e8a3d868919bcb1abb1db550d41f2b5b326f72df29e53b2df8b006eb9403
jsonschema==4.26.0 \
    --hash=sha256:d489f15263b8d200f8387e64b4c3a75f06629559fb73deb8fdfb525f2dab50ce
jsonschema-specifications==2025.9.1 \
    --hash=sha256:98802fee3a11ee76ecaca44429fda8a41bff98b00a0f2838151b113f210cc6fe
librt==0.8.1 \
    --hash=sha256:5bb54f1205a3a6ab41a6fd71dfcdcbd278670d3a90ca502a30d9da583105b6f7
litellm==1.83.0 \
    --hash=sha256:88c536d339248f3987571493015784671ba3f193a328e1ea6780dbebaa2094a8
lxml==6.0.2 \
    --hash=sha256:90a345bbeaf9d0587a3aaffb7006aa39ccb6ff0e96a57286c0cb2fd1520ea192
markdown-it-py==4.0.0 \
    --hash=sha256:87327c59b172c5011896038353a81343b6754500a08cd7a4973bb48c6d578147
markdownify==1.2.2 \
    --hash=sha256:3f02d3cc52714084d6e589f70397b6fc9f2f3a8531481bf35e8cc39f975e186a
MarkupSafe==3.0.3 \
    --hash=sha256:d6dd0be5b5b189d31db7cda48b91d7e0a9795f31430b7f271219ab30f1d3ac9d
mcp==1.26.0 \
    --hash=sha256:904a21c33c25aa98ddbeb47273033c435e595bbacfdb177f4bd87f6dceebe1ca
mdurl==0.1.2 \
    --hash=sha256:84008a41e51615a49fc9966191ff91509e3c40b939176e643fd50a5c2196b8f8
mpmath==1.3.0 \
    --hash=sha256:a0b2b9fe80bbcd81a6647ff13108738cfb482d481d826cc0e02f5b35e5c88d2c
multidict==6.7.1 \
    --hash=sha256:bfde23ef6ed9db7eaee6c37dcec08524cb43903c60b285b172b6c094711b3961
mypy==1.19.1 \
    --hash=sha256:c35d298c2c4bba75feb2195655dfea8124d855dfd7343bf8b8c055421eaf0cf8
mypy_extensions==1.1.0 \
    --hash=sha256:1be4cccdb0f2482337c4743e60421de3a356cd97508abadd57d47403e94f5505
narwhals==2.16.0 \
    --hash=sha256:846f1fd7093ac69d63526e50732033e86c30ea0026a44d9b23991010c7d1485d
networkx==3.6.1 \
    --hash=sha256:d47fbf302e7d9cbbb9e2555a0d267983d2aa476bac30e90dfbe5669bd57f3762
nvidia-cublas-cu12==12.8.4.1 \
    --hash=sha256:8ac4e771d5a348c551b2a426eda6193c19aa630236b418086020df5ba9667142
nvidia-cuda-cupti-cu12==12.8.90 \
    --hash=sha256:ea0cb07ebda26bb9b29ba82cda34849e73c166c18162d3913575b0c9db9a6182
nvidia-cuda-nvrtc-cu12==12.8.93 \
    --hash=sha256:a7756528852ef889772a84c6cd89d41dfa74667e24cca16bb31f8f061e3e9994
nvidia-cuda-runtime-cu12==12.8.90 \
    --hash=sha256:adade8dcbd0edf427b7204d480d6066d33902cab2a4707dcfc48a2d0fd44ab90
nvidia-cudnn-cu12==9.10.2.21 \
    --hash=sha256:949452be657fa16687d0930933f032835951ef0892b37d2d53824d1a84dc97a8
nvidia-cufile-cu12==1.13.1.3 \
    --hash=sha256:1d069003be650e131b21c932ec3d8969c1715379251f8d23a1860554b1cb24fc
nvidia-cufft-cu12==11.3.3.83 \
    --hash=sha256:4d2dd21ec0b88cf61b62e6b43564355e5222e4a3fb394cac0db101f2dd0d4f74
nvidia-curand-cu12==10.3.9.90 \
    --hash=sha256:b32331d4f4df5d6eefa0554c565b626c7216f87a06a4f56fab27c3b68a830ec9
nvidia-cusolver-cu12==11.7.3.90 \
    --hash=sha256:4376c11ad263152bd50ea295c05370360776f8c3427b30991df774f9fb26c450
nvidia-cusparse-cu12==12.5.8.93 \
    --hash=sha256:1ec05d76bbbd8b61b06a80e1eaf8cf4959c3d4ce8e711b65ebd0443bb0ebb13b
nvidia-cusparselt-cu12==0.7.1 \
    --hash=sha256:f1bb701d6b930d5a7cea44c19ceb973311500847f81b634d802b7b539dc55623
nvidia-nccl-cu12==2.27.5 \
    --hash=sha256:ad730cf15cb5d25fe849c6e6ca9eb5b76db16a80f13f425ac68d8e2e55624457
nvidia-nvjitlink-cu12==12.8.93 \
    --hash=sha256:81ff63371a7ebd6e6451970684f916be2eab07321b73c9d244dc2b4da7f73b88
nvidia-nvshmem-cu12==3.4.5 \
    --hash=sha256:042f2500f24c021db8a06c5eec2539027d57460e1c1a762055a6554f72c369bd
nvidia-nvtx-cu12==12.8.90 \
    --hash=sha256:5b17e2001cc0d751a5bc2c6ec6d26ad95913324a4adb86788c944f8ce9ba441f
numpy==2.4.2 \
    --hash=sha256:9e35d3e0144137d9fdae62912e869136164534d64a169f86438bc9561b6ad49f
oauthlib==3.3.1 \
    --hash=sha256:88119c938d2b8fb88561af5f6ee0eec8cc8d552b7bb1f712743136eb7523b7a1
ollama==0.6.1 \
    --hash=sha256:fc4c984b345735c5486faeee67d8a265214a31cbb828167782dc642ce0a2bf8c
openai==2.16.0 \
    --hash=sha256:5f46643a8f42899a84e80c38838135d7038e7718333ce61396994f887b09a59b
packaging==26.0 \
    --hash=sha256:b36f1fef9334a5588b4166f8bcd26a14e521f2b55e6b9de3aaa80d3ff7a37529
pandas==2.3.3 \
    --hash=sha256:b3d11d2fda7eb164ef27ffc14b4fcab16a80e1ce67e9f57e19ec0afaf715ba89
pathspec==1.0.4 \
    --hash=sha256:fb6ae2fd4e7c921a165808a552060e722767cfa526f99ca5156ed2ce45a5c723
pdfminer.six==20251230 \
    --hash=sha256:9ff2e3466a7dfc6de6fd779478850b6b7c2d9e9405aa2a5869376a822771f485
pdfplumber==0.11.9 \
    --hash=sha256:33ec5580959ba524e9100138746e090879504c42955df1b8a997604dd326c443
pfzy==0.3.4 \
    --hash=sha256:5f50d5b2b3207fa72e7ec0ef08372ef652685470974a107d0d4999fc5a903a96
pillow==12.2.0 \
    --hash=sha256:62f5409336adb0663b7caa0da5c7d9e7bdbaae9ce761d34669420c2a801b2780
pluggy==1.6.0 \
    --hash=sha256:e920276dd6813095e9377c0bc5566d94c932c33b27a3e3945d8389c374dd4746
portalocker==2.10.1 \
    --hash=sha256:53a5984ebc86a025552264b459b46a2086e269b21823cb572f8f28ee759e45bf
posthog==7.7.0 \
    --hash=sha256:955f42097bf147459653b9102e5f7f9a22e4b6fc9f15003447bd1137fafbc505
prompt_toolkit==3.0.52 \
    --hash=sha256:9aac639a3bbd33284347de5ad8d68ecc044b91a762dc39b7c21095fcd6a19955
propcache==0.4.1 \
    --hash=sha256:15932ab57837c3368b024473a525e25d316d8353016e7cc0e5ba9eb343fbb1cf
proto-plus==1.27.0 \
    --hash=sha256:1baa7f81cf0f8acb8bc1f6d085008ba4171eaf669629d1b6d1673b21ed1c0a82
protobuf==6.33.4 \
    --hash=sha256:3df850c2f8db9934de4cf8f9152f8dc2558f49f298f37f90c517e8e5c84c30e9
psutil==7.2.2 \
    --hash=sha256:076a2d2f923fd4821644f5ba89f059523da90dc9014e85f8e45a5774ca5bc6f9
pyarrow==23.0.0 \
    --hash=sha256:b73519f8b52ae28127000986bf228fda781e81d3095cd2d3ece76eb5cf760e1b
pyasn1==0.6.2 \
    --hash=sha256:1eb26d860996a18e9b6ed05e7aae0e9fc21619fcee6af91cca9bad4fbea224bf
pyasn1_modules==0.4.2 \
    --hash=sha256:29253a9207ce32b64c3ac6600edc75368f98473906e8fd1043bd6b5b1de2c14a
pycparser==2.23 \
    --hash=sha256:e5c6e8d3fbad53479cab09ac03729e0a9faf2bee3db8208a550daf5af81a5934
pydantic==2.12.5 \
    --hash=sha256:e561593fccf61e8a20fc46dfc2dfe075b8be7d0188df33f221ad1f0139180f9d
pydantic-settings==2.14.2 \
    --hash=sha256:a20c97b37910b6550d5ea50fbcc2d4187defe58cd57070b73863d069419c9440
pydantic_core==2.41.5 \
    --hash=sha256:eceb81a8d74f9267ef4081e246ffd6d129da5d87e37a77c9bde550cb04870c1c
pydeck==0.9.1 \
    --hash=sha256:b3f75ba0d273fc917094fa61224f3f6076ca8752b93d46faf3bcfd9f9d59b038
Pygments==2.19.2 \
    --hash=sha256:86540386c03d588bb81d44bc3928634ff26449851e99741617ecb9037ee5ec0b
PyJWT==2.12.1 \
    --hash=sha256:28ca37c070cad8ba8cd9790cd940535d40274d22f80ab87f3ac6a713e6e8454c
PyMuPDF==1.26.7 \
    --hash=sha256:69dfc78f206a96e5b3ac22741263ebab945fdf51f0dbe7c5757c3511b23d9d72
pyotp==2.9.0 \
    --hash=sha256:81c2e5865b8ac55e825b0358e496e1d9387c811e85bb40e71a3b29b288963612
pyparsing==3.3.1 \
    --hash=sha256:023b5e7e5520ad96642e2c6db4cb683d3970bd640cdf7115049a6e9c3682df82
pypdf==6.13.3 \
    --hash=sha256:c6e3f86afb625791510b02ad5480e94b63970bb957df75d44657c282ecc52224
pypdfium2==5.3.0 \
    --hash=sha256:b3ff1071e9a782625822658dfe6e29e3a644a66960f8713bb17819f5a0ac5987
pytest==9.0.2 \
    --hash=sha256:711ffd45bf766d5264d487b917733b453d917afd2b0ad65223959f59089f875b
pytest-asyncio==1.3.0 \
    --hash=sha256:611e26147c7f77640e6d0a92a38ed17c3e9848063698d5c93d5aa7aa11cebff5
pytest-cov==7.0.0 \
    --hash=sha256:3b8e9558b16cc1479da72058bdecf8073661c7f57f7d3c5f22a1c23507f2d861
pytest-xdist==3.8.0 \
    --hash=sha256:202ca578cfeb7370784a8c33d6d05bc6e13b4f25b5053c30a152269fd10f0b88
pytest_httpserver==1.1.3 \
    --hash=sha256:5f84757810233e19e2bb5287f3826a71c97a3740abe3a363af9155c0f82fdbb9
python-dateutil==2.9.0.post0 \
    --hash=sha256:a8b2bc7bffae282281c8140a97d3aa9c14da0b136dfe83f850eea9a5f7470427
python-docx==1.2.0 \
    --hash=sha256:3fd478f3250fbbbfd3b94fe1e985955737c145627498896a8a6bf81f4baf66c7
python-dotenv==1.2.2 \
    --hash=sha256:1d8214789a24de455a8b8bd8ae6fe3c6b69a5e3d64aa8a8e5d68e694bbcb285a
python-multipart==0.0.22 \
    --hash=sha256:2b2cd894c83d21bf49d702499531c7bafd057d730c201782048f7945d82de155
pytz==2025.2 \
    --hash=sha256:5ddf76296dd8c44c26eb8f4b6f35488f3ccbf6fbbd7adee0b7262d43f0ec2f00
pywin32==311; platform_system == "Windows"
PyYAML==6.0.3 \
    --hash=sha256:ba1cc08a7ccde2d2ec775841541641e4548226580ab850948cbfda66a1befcdc
referencing==0.37.0 \
    --hash=sha256:381329a9f99628c9069361716891d34ad94af76e461dcb0335825aecc7692231
regex==2026.4.4 \
    --hash=sha256:993f657a7c1c6ec51b5e0ba97c9817d06b84ea5fa8d82e43b9405de0defdc2b9
reportlab==4.4.9 \
    --hash=sha256:68e2d103ae8041a37714e8896ec9b79a1c1e911d68c3bd2ea17546568cf17bfd
requests==2.33.0 \
    --hash=sha256:3324635456fa185245e24865e810cecec7b4caf933d7eb133dcde67d48cee69b
requests-oauthlib==2.0.0 \
    --hash=sha256:7dd8a5c40426b779b0868c404bdef9768deccf22749cde15852df527e6269b36
rich==14.3.1 \
    --hash=sha256:da750b1aebbff0b372557426fb3f35ba56de8ef954b3190315eb64076d6fb54e
rpds-py==0.30.0 \
    --hash=sha256:47f236970bccb2233267d89173d3ad2703cd36a0e2a6e92d0560d333871a3d23
rsa==4.9.1 \
    --hash=sha256:68635866661c6836b8d39430f97a996acbd61bfa49406748ea243539fe239762
ruff==0.15.2 \
    --hash=sha256:b7a672c82b5f9887576087d97be5ce439f04bbaf548ee987b92d3a7dede41d3a
screeninfo==0.8.1 \
    --hash=sha256:e97d6b173856edcfa3bd282f81deb528188aff14b11ec3e195584e7641be733c
setuptools==80.10.1 \
    --hash=sha256:fc30c51cbcb8199a219c12cc9c281b5925a4978d212f84229c909636d9f6984e
shellingham==1.5.4 \
    --hash=sha256:7ecfff8f2fd72616f7481040475a65b2bf8af90a56c89140852d1120324e8686
six==1.17.0 \
    --hash=sha256:4721f391ed90541fddacab5acf947aa0d3dc7d27b2e1e8eda2be8970586c3274
smmap==5.0.2 \
    --hash=sha256:b30115f0def7d7531d22a0fb6502488d879e75b260a9db4d0819cfb25403af5e
sniffio==1.3.1 \
    --hash=sha256:2f6da418d1f1e0fddd844478f41680e794e6051915791a034ff65e5f100525a2
soupsieve==2.8.3 \
    --hash=sha256:ed64f2ba4eebeab06cc4962affce381647455978ffc1e36bb79a545b91f45a95
sse-starlette==3.3.4 \
    --hash=sha256:84bb06e58939a8b38d8341f1bc9792f06c2b53f48c608dd207582b664fc8f3c1
starlette==1.0.0 \
    --hash=sha256:d3ec55e0bb321692d275455ddfd3df75fff145d009685eb40dc91fc66b03d38b
streamlit==1.54.0 \
    --hash=sha256:a7b67d6293a9f5f6b4d4c7acdbc4980d7d9f049e78e404125022ecb1712f79fc
sympy==1.14.0 \
    --hash=sha256:e091cc3e99d2141a0ba2847328f5479b05d94a6635cb96148ccb3f34671bd8f5
tenacity==9.1.4 \
    --hash=sha256:6095a360c919085f28c6527de529e76a06ad89b23659fa881ae0649b867a9d55
tiktoken==0.12.0 \
    --hash=sha256:edde1ec917dfd21c1f2f8046b86348b0f54a2c0547f68149d8600859598769ad
tokenizers==0.22.2 \
    --hash=sha256:369cc9fc8cc10cb24143873a0d95438bb8ee257bb80c71989e3ee290e8d72c67
toml==0.10.2 \
    --hash=sha256:806143ae5bfb6a3c6e736a764057db0e6a0e05e338b5630894a5f779cabb4f9b
torch==2.10.0 \
    --hash=sha256:98c01b8bb5e3240426dcde1446eed6f40c778091c8544767ef1168fc663a05a6
tornado==6.5.4 \
    --hash=sha256:e5fb5e04efa54cf0baabdd10061eb4148e0be137166146fff835745f59ab9f7f
tqdm==4.67.1 \
    --hash=sha256:26445eca388f82e72884e0d580d5464cd801a3ea01e63e5601bdff9ba6a48de2
typer==0.21.1 \
    --hash=sha256:7985e89081c636b88d172c2ee0cfe33c253160994d47bdfdc302defd7d1f1d01
triton==3.6.0 \
    --hash=sha256:74caf5e34b66d9f3a429af689c1c7128daba1d8208df60e81106b115c00d6fca
types-PyYAML==6.0.12.20250915 \
    --hash=sha256:e7d4d9e064e89a3b3cae120b4990cd370874d2bf12fa5f46c97018dd5d3c9ab6
types-requests==2.33.0.20260518 \
    --hash=sha256:626d697d1adaaff76e2044dc8c5c051d8f21abc157bdfe204a75558076fe0bf0
typing-inspection==0.4.2 \
    --hash=sha256:4ed1cacbdc298c220f1bd249ed5287caa16f34d44ef4e9c3d0cbad5b521545e7
typing_extensions==4.15.0 \
    --hash=sha256:f0fa19c6845758ab08074a0cfa8b7aecb71c999ca73d62883bc25cc018c4e548
tzdata==2025.3 \
    --hash=sha256:06a47e5700f3081aab02b2e513160914ff0694bce9947d6b76ebd6bf57cfc5d1
uritemplate==4.2.0 \
    --hash=sha256:962201ba1c4edcab02e60f9a0d3821e82dfc5d2d6662a21abd533879bdb8a686
urllib3==2.6.3 \
    --hash=sha256:bf272323e553dfb2e87d9bfd225ca7b0f467b919d7bbd355436d3fd37cb0acd4
uuid7==0.1.0 \
    --hash=sha256:5e259bb63c8cb4aded5927ff41b444a80d0c7124e8a0ced7cf44efa1f5cccf61
uvicorn==0.43.0 \
    --hash=sha256:46fac64f487fd968cd999e5e49efbbe64bd231b5bd8b4a0b482a23ebce499620
watchdog==6.0.0 \
    --hash=sha256:20ffe5b202af80ab4266dcd3e91aae72bf2da48c0d33bdb15c66658e685e94e2
wcwidth==0.6.0 \
    --hash=sha256:1a3a1e510b553315f8e146c54764f4fb6264ffad731b3d78088cdb1478ffbdad
websockets==16.0 \
    --hash=sha256:9b5aca38b67492ef518a8ab76851862488a478602229112c4b0d58d63a7a4d5c
Werkzeug==3.1.8 \
    --hash=sha256:63a77fb8892bf28ebc3178683445222aa500e48ebad5ec77b0ad80f8726b1f50
yarl==1.23.0 \
    --hash=sha256:a3d2bff8f37f8d0f96c7ec554d16945050d54462d6e95414babaa18bfafc7f51
zipp==3.23.0 \
    --hash=sha256:071652d6115ed432f5ce1d34c336c0adfd6a884660d1e9712a256d3d3bd4b14e
